<?xml version="1.0" encoding="utf-8"?>
<Project ToolsVersion="4.0" xmlns="http://schemas.microsoft.com/developer/msbuild/2003">
  <ItemGroup>
    <Filter Include="Source Files">
      <UniqueIdentifier>{4FC737F1-C7A5-4376-A066-2A32D752A2FF}</UniqueIdentifier>
      <Extensions>cpp;c;cc;cxx;def;odl;idl;hpj;bat;asm;asmx</Extensions>
    </Filter>
    <Filter Include="Header Files">
      <UniqueIdentifier>{93995380-89BD-4b04-88EB-625FBE52EBFB}</UniqueIdentifier>
      <Extensions>h;hh;hpp;hxx;hm;inl;inc;ipp;xsd</Extensions>
    </Filter>
    <Filter Include="Resource Files">
      <UniqueIdentifier>{67DA6AB6-F800-4c08-8B7A-83BB121AAD01}</UniqueIdentifier>
      <Extensions>rc;ico;cur;bmp;dlg;rc2;rct;bin;rgs;gif;jpg;jpeg;jpe;resx;tiff;tif;png;wav;mfcribbon-ms</Extensions>
    </Filter>
    <Filter Include="Source Files\Tests">
      <UniqueIdentifier>{d15a7776-c0fe-41f0-aed2-9cd587389e60}</UniqueIdentifier>
    </Filter>
  </ItemGroup>
  <ItemGroup>
    <ClCompile Include="parser.cpp">
      <Filter>Source Files</Filter>
    </ClCompile>
    <ClCompile Include="interpreter.cpp">
      <Filter>Source Files</Filter>
    </ClCompile>
    <ClCompile Include="jit.cpp">
      <Filter>Source Files</Filter>
    </ClCompile>
    <ClCompile Include="main.cpp">
      <Filter>Source Files</Filter>
    </ClCompile>
    <ClCompile Include="ParserTest.cpp">
      <Filter>Source Files</Filter>
    </ClCompile>
    <ClCompile Include="InterpreterTest.cpp">
      <Filter>Source Files</Filter>
    </ClCompile>
    <ClCompile Include="JitTest.cpp">
      <Filter>Source Files</Filter>
    </ClCompile>
    <ClCompile Include="LuaTest.cpp">
      <Filter>Source Files</Filter>
    </ClCompile>
    <ClCompile Include="LuajitTest.cpp">
      <Filter>Source Files</Filter>
    </ClCompile>
    <ClCompile Include="AotTest.cpp">
      <Filter>Source Files</Filter>
    </ClCompile>
    <ClCompile Include="helper.cpp">
      <Filter>Source Files</Filter>
    </ClCompile>
    <ClCompile Include="posix.cpp">
      <Filter>Source Files</Filter>
    </ClCompile>
    <ClCompile Include="format.cpp">
      <Filter>Source Files</Filter>
    </ClCompile>
    <ClCompile Include="Tokens.cpp">
      <Filter>Source Files</Filter>
    </ClCompile>
    <ClCompile Include="vm.cpp">
      <Filter>Source Files</Filter>
    </ClCompile>
    <ClCompile Include="mem.cpp">
      <Filter>Source Files</Filter>
    </ClCompile>
  </ItemGroup>
  <ItemGroup>
    <None Include="test.fe">
      <Filter>Source Files</Filter>
    </None>
    <None Include="gl.fe">
      <Filter>Source Files</Filter>
    </None>
    <None Include="main.fe">
      <Filter>Source Files</Filter>
    </None>
    <None Include="animal.fe">
      <Filter>Source Files</Filter>
    </None>
    <None Include="asm.fe">
      <Filter>Source Files</Filter>
    </None>
    <None Include="simple_class.fe">
      <Filter>Source Files\Tests</Filter>
    </None>
    <None Include="simple_main.fe">
      <Filter>Source Files\Tests</Filter>
    </None>
    <None Include="simple_add_var.fe">
      <Filter>Source Files\Tests</Filter>
    </None>
    <None Include="test_0.fe">
      <Filter>Source Files\Tests</Filter>
    </None>
  </ItemGroup>
  <ItemGroup>
    <ClInclude Include="helper.h">
      <Filter>Header Files</Filter>
    </ClInclude>
    <ClInclude Include="tests.h">
      <Filter>Header Files</Filter>
    </ClInclude>
    <ClInclude Include="std.core.h">
      <Filter>Header Files</Filter>
    </ClInclude>
    <ClInclude Include="parser.h">
      <Filter>Header Files</Filter>
    </ClInclude>
    <ClInclude Include="interpreter.h">
      <Filter>Header Files</Filter>
    </ClInclude>
    <ClInclude Include="mmap.h">
      <Filter>Header Files</Filter>
    </ClInclude>
    <ClInclude Include="exe.h">
      <Filter>Source Files</Filter>
    </ClInclude>
    <ClInclude Include="tokens.h">
      <Filter>Header Files</Filter>
    </ClInclude>
    <ClInclude Include="mem.h">
      <Filter>Source Files</Filter>
    </ClInclude>
    <ClInclude Include="jit.h">
      <Filter>Source Files</Filter>
    </ClInclude>
    <ClInclude Include="bitmask.hpp">
      <Filter>Header Files</Filter>
    </ClInclude>
    <ClInclude Include="vm.h">
      <Filter>Source Files</Filter>
    </ClInclude>
    <ClInclude Include="ordered_map.h">
      <Filter>Header Files</Filter>
    </ClInclude>
    <ClInclude Include="ordered_hash.h">
      <Filter>Header Files</Filter>
    </ClInclude>
    <ClInclude Include="any_lite.h">
      <Filter>Header Files</Filter>
    </ClInclude>
  </ItemGroup>
  <ItemGroup>
    <Text Include="Readme.txt">
      <Filter>Source Files</Filter>
    </Text>
    <Text Include="Text.txt">
      <Filter>Resource Files</Filter>
    </Text>
  </ItemGroup>
</Project>